// !$*UTF8*$!
{
	archiveVersion = 1;
	classes = {
	};
	objectVersion = 56;
	objects = {

/* Begin PBXBuildFile section */
		3B18C6402B824525003E1D78 /* PostView.xib in Resources */ = {isa = PBXBuildFile; fileRef = 3B18C63F2B824525003E1D78 /* PostView.xib */; };
		3B18C6442B824A65003E1D78 /* PostView.swift in Sources */ = {isa = PBXBuildFile; fileRef = 3B18C6432B824A65003E1D78 /* PostView.swift */; };
		3B6AC6E62B78DCDF008B1E01 /* PostViewController.swift in Sources */ = {isa = PBXBuildFile; fileRef = 3B6AC6E52B78DCDF008B1E01 /* PostViewController.swift */; };
		3B6AC6E82B79556C008B1E01 /* FetchData.swift in Sources */ = {isa = PBXBuildFile; fileRef = 3B6AC6E72B79556C008B1E01 /* FetchData.swift */; };
		3B6AC6EA2B7A682F008B1E01 /* DecodedPost.swift in Sources */ = {isa = PBXBuildFile; fileRef = 3B6AC6E92B7A682F008B1E01 /* DecodedPost.swift */; };
		3B6AC6EE2B7AA4DF008B1E01 /* FetchDataError.swift in Sources */ = {isa = PBXBuildFile; fileRef = 3B6AC6ED2B7AA4DF008B1E01 /* FetchDataError.swift */; };
		3B6CB56A2B84E89A00DF7FCF /* PostDetailsViewController.swift in Sources */ = {isa = PBXBuildFile; fileRef = 3B6CB5692B84E89A00DF7FCF /* PostDetailsViewController.swift */; };
		3BD3FE712B828A9E007C7D25 /* PostListViewController.swift in Sources */ = {isa = PBXBuildFile; fileRef = 3BD3FE702B828A9E007C7D25 /* PostListViewController.swift */; };
		3BD3FE732B828B2E007C7D25 /* NavigationControllerViewController.swift in Sources */ = {isa = PBXBuildFile; fileRef = 3BD3FE722B828B2E007C7D25 /* NavigationControllerViewController.swift */; };
		3BD3FE762B82A6D5007C7D25 /* PostTableViewCell.swift in Sources */ = {isa = PBXBuildFile; fileRef = 3BD3FE752B82A6D5007C7D25 /* PostTableViewCell.swift */; };
		3BFB0C9E2B77B28200D0289A /* AppDelegate.swift in Sources */ = {isa = PBXBuildFile; fileRef = 3BFB0C9D2B77B28200D0289A /* AppDelegate.swift */; };
		3BFB0CA02B77B28200D0289A /* SceneDelegate.swift in Sources */ = {isa = PBXBuildFile; fileRef = 3BFB0C9F2B77B28200D0289A /* SceneDelegate.swift */; };
		3BFB0CA22B77B28200D0289A /* ViewController.swift in Sources */ = {isa = PBXBuildFile; fileRef = 3BFB0CA12B77B28200D0289A /* ViewController.swift */; };
		3BFB0CA52B77B28200D0289A /* Main.storyboard in Resources */ = {isa = PBXBuildFile; fileRef = 3BFB0CA32B77B28200D0289A /* Main.storyboard */; };
		3BFB0CA72B77B28300D0289A /* Assets.xcassets in Resources */ = {isa = PBXBuildFile; fileRef = 3BFB0CA62B77B28300D0289A /* Assets.xcassets */; };
		3BFB0CAA2B77B28300D0289A /* LaunchScreen.storyboard in Resources */ = {isa = PBXBuildFile; fileRef = 3BFB0CA82B77B28300D0289A /* LaunchScreen.storyboard */; };
		3BFB0CB32B77E2FE00D0289A /* SDWebImage in Frameworks */ = {isa = PBXBuildFile; productRef = 3BFB0CB22B77E2FE00D0289A /* SDWebImage */; };
		3BFB0CB52B77E2FE00D0289A /* SDWebImageMapKit in Frameworks */ = {isa = PBXBuildFile; productRef = 3BFB0CB42B77E2FE00D0289A /* SDWebImageMapKit */; };
/* End PBXBuildFile section */

/* Begin PBXFileReference section */
		3B18C63F2B824525003E1D78 /* PostView.xib */ = {isa = PBXFileReference; lastKnownFileType = file.xib; path = PostView.xib; sourceTree = "<group>"; };
		3B18C6432B824A65003E1D78 /* PostView.swift */ = {isa = PBXFileReference; lastKnownFileType = sourcecode.swift; path = PostView.swift; sourceTree = "<group>"; };
		3B6AC6E52B78DCDF008B1E01 /* PostViewController.swift */ = {isa = PBXFileReference; lastKnownFileType = sourcecode.swift; path = PostViewController.swift; sourceTree = "<group>"; };
		3B6AC6E72B79556C008B1E01 /* FetchData.swift */ = {isa = PBXFileReference; lastKnownFileType = sourcecode.swift; path = FetchData.swift; sourceTree = "<group>"; };
		3B6AC6E92B7A682F008B1E01 /* DecodedPost.swift */ = {isa = PBXFileReference; lastKnownFileType = sourcecode.swift; path = DecodedPost.swift; sourceTree = "<group>"; };
		3B6AC6ED2B7AA4DF008B1E01 /* FetchDataError.swift */ = {isa = PBXFileReference; lastKnownFileType = sourcecode.swift; path = FetchDataError.swift; sourceTree = "<group>"; };
		3B6CB5692B84E89A00DF7FCF /* PostDetailsViewController.swift */ = {isa = PBXFileReference; lastKnownFileType = sourcecode.swift; path = PostDetailsViewController.swift; sourceTree = "<group>"; };
		3BD3FE702B828A9E007C7D25 /* PostListViewController.swift */ = {isa = PBXFileReference; lastKnownFileType = sourcecode.swift; path = PostListViewController.swift; sourceTree = "<group>"; };
		3BD3FE722B828B2E007C7D25 /* NavigationControllerViewController.swift */ = {isa = PBXFileReference; lastKnownFileType = sourcecode.swift; path = NavigationControllerViewController.swift; sourceTree = "<group>"; };
		3BD3FE752B82A6D5007C7D25 /* PostTableViewCell.swift */ = {isa = PBXFileReference; lastKnownFileType = sourcecode.swift; path = PostTableViewCell.swift; sourceTree = "<group>"; };
		3BFB0C9A2B77B28200D0289A /* RedditClient.app */ = {isa = PBXFileReference; explicitFileType = wrapper.application; includeInIndex = 0; path = RedditClient.app; sourceTree = BUILT_PRODUCTS_DIR; };
		3BFB0C9D2B77B28200D0289A /* AppDelegate.swift */ = {isa = PBXFileReference; lastKnownFileType = sourcecode.swift; path = AppDelegate.swift; sourceTree = "<group>"; };
		3BFB0C9F2B77B28200D0289A /* SceneDelegate.swift */ = {isa = PBXFileReference; lastKnownFileType = sourcecode.swift; path = SceneDelegate.swift; sourceTree = "<group>"; };
		3BFB0CA12B77B28200D0289A /* ViewController.swift */ = {isa = PBXFileReference; lastKnownFileType = sourcecode.swift; path = ViewController.swift; sourceTree = "<group>"; };
		3BFB0CA42B77B28200D0289A /* Base */ = {isa = PBXFileReference; lastKnownFileType = file.storyboard; name = Base; path = Base.lproj/Main.storyboard; sourceTree = "<group>"; };
		3BFB0CA62B77B28300D0289A /* Assets.xcassets */ = {isa = PBXFileReference; lastKnownFileType = folder.assetcatalog; path = Assets.xcassets; sourceTree = "<group>"; };
		3BFB0CA92B77B28300D0289A /* Base */ = {isa = PBXFileReference; lastKnownFileType = file.storyboard; name = Base; path = Base.lproj/LaunchScreen.storyboard; sourceTree = "<group>"; };
		3BFB0CAB2B77B28300D0289A /* Info.plist */ = {isa = PBXFileReference; lastKnownFileType = text.plist.xml; path = Info.plist; sourceTree = "<group>"; };
/* End PBXFileReference section */

/* Begin PBXFrameworksBuildPhase section */
		3BFB0C972B77B28200D0289A /* Frameworks */ = {
			isa = PBXFrameworksBuildPhase;
			buildActionMask = 2147483647;
			files = (
				3BFB0CB52B77E2FE00D0289A /* SDWebImageMapKit in Frameworks */,
				3BFB0CB32B77E2FE00D0289A /* SDWebImage in Frameworks */,
			);
			runOnlyForDeploymentPostprocessing = 0;
		};
/* End PBXFrameworksBuildPhase section */

/* Begin PBXGroup section */
		3B6AC6EB2B7A9D9C008B1E01 /* Services */ = {
			isa = PBXGroup;
			children = (
				3B6AC6E72B79556C008B1E01 /* FetchData.swift */,
				3B6AC6E92B7A682F008B1E01 /* DecodedPost.swift */,
			);
			path = Services;
			sourceTree = "<group>";
		};
		3B6AC6EC2B7A9ECD008B1E01 /* ViewControllers */ = {
			isa = PBXGroup;
			children = (
				3B6AC6E52B78DCDF008B1E01 /* PostViewController.swift */,
				3BFB0CA12B77B28200D0289A /* ViewController.swift */,
				3BD3FE702B828A9E007C7D25 /* PostListViewController.swift */,
				3BD3FE722B828B2E007C7D25 /* NavigationControllerViewController.swift */,
				3B6CB5692B84E89A00DF7FCF /* PostDetailsViewController.swift */,
			);
			path = ViewControllers;
			sourceTree = "<group>";
		};
		3B6AC6EF2B7AA6F7008B1E01 /* Errors */ = {
			isa = PBXGroup;
			children = (
				3B6AC6ED2B7AA4DF008B1E01 /* FetchDataError.swift */,
			);
			path = Errors;
			sourceTree = "<group>";
		};
		3BD3FE742B82A692007C7D25 /* Views */ = {
			isa = PBXGroup;
			children = (
				3B18C6432B824A65003E1D78 /* PostView.swift */,
				3B18C63F2B824525003E1D78 /* PostView.xib */,
				3BD3FE752B82A6D5007C7D25 /* PostTableViewCell.swift */,
			);
			path = Views;
			sourceTree = "<group>";
		};
		3BFB0C912B77B28200D0289A = {
			isa = PBXGroup;
			children = (
				3BFB0C9C2B77B28200D0289A /* RedditClient */,
				3BFB0C9B2B77B28200D0289A /* Products */,
			);
			sourceTree = "<group>";
		};
		3BFB0C9B2B77B28200D0289A /* Products */ = {
			isa = PBXGroup;
			children = (
				3BFB0C9A2B77B28200D0289A /* RedditClient.app */,
			);
			name = Products;
			sourceTree = "<group>";
		};
		3BFB0C9C2B77B28200D0289A /* RedditClient */ = {
			isa = PBXGroup;
			children = (
				3BD3FE742B82A692007C7D25 /* Views */,
				3B6AC6EF2B7AA6F7008B1E01 /* Errors */,
				3B6AC6EC2B7A9ECD008B1E01 /* ViewControllers */,
				3B6AC6EB2B7A9D9C008B1E01 /* Services */,
				3BFB0C9D2B77B28200D0289A /* AppDelegate.swift */,
				3BFB0C9F2B77B28200D0289A /* SceneDelegate.swift */,
				3BFB0CA32B77B28200D0289A /* Main.storyboard */,
				3BFB0CA62B77B28300D0289A /* Assets.xcassets */,
				3BFB0CA82B77B28300D0289A /* LaunchScreen.storyboard */,
				3BFB0CAB2B77B28300D0289A /* Info.plist */,
			);
			path = RedditClient;
			sourceTree = "<group>";
		};
/* End PBXGroup section */

/* Begin PBXNativeTarget section */
		3BFB0C992B77B28200D0289A /* RedditClient */ = {
			isa = PBXNativeTarget;
			buildConfigurationList = 3BFB0CAE2B77B28300D0289A /* Build configuration list for PBXNativeTarget "RedditClient" */;
			buildPhases = (
				3BFB0C962B77B28200D0289A /* Sources */,
				3BFB0C972B77B28200D0289A /* Frameworks */,
				3BFB0C982B77B28200D0289A /* Resources */,
			);
			buildRules = (
			);
			dependencies = (
			);
			name = RedditClient;
			packageProductDependencies = (
				3BFB0CB22B77E2FE00D0289A /* SDWebImage */,
				3BFB0CB42B77E2FE00D0289A /* SDWebImageMapKit */,
			);
			productName = RedditClient;
			productReference = 3BFB0C9A2B77B28200D0289A /* RedditClient.app */;
			productType = "com.apple.product-type.application";
		};
/* End PBXNativeTarget section */

/* Begin PBXProject section */
		3BFB0C922B77B28200D0289A /* Project object */ = {
			isa = PBXProject;
			attributes = {
				BuildIndependentTargetsInParallel = 1;
				LastSwiftUpdateCheck = 1520;
				LastUpgradeCheck = 1520;
				TargetAttributes = {
					3BFB0C992B77B28200D0289A = {
						CreatedOnToolsVersion = 15.2;
					};
				};
			};
			buildConfigurationList = 3BFB0C952B77B28200D0289A /* Build configuration list for PBXProject "RedditClient" */;
			compatibilityVersion = "Xcode 14.0";
			developmentRegion = en;
			hasScannedForEncodings = 0;
			knownRegions = (
				en,
				Base,
			);
			mainGroup = 3BFB0C912B77B28200D0289A;
			packageReferences = (
				3BFB0CB12B77E2FE00D0289A /* XCRemoteSwiftPackageReference "SDWebImage" */,
			);
			productRefGroup = 3BFB0C9B2B77B28200D0289A /* Products */;
			projectDirPath = "";
			projectRoot = "";
			targets = (
				3BFB0C992B77B28200D0289A /* RedditClient */,
			);
		};
/* End PBXProject section */

/* Begin PBXResourcesBuildPhase section */
		3BFB0C982B77B28200D0289A /* Resources */ = {
			isa = PBXResourcesBuildPhase;
			buildActionMask = 2147483647;
			files = (
				3BFB0CAA2B77B28300D0289A /* LaunchScreen.storyboard in Resources */,
				3BFB0CA72B77B28300D0289A /* Assets.xcassets in Resources */,
				3B18C6402B824525003E1D78 /* PostView.xib in Resources */,
				3BFB0CA52B77B28200D0289A /* Main.storyboard in Resources */,
			);
			runOnlyForDeploymentPostprocessing = 0;
		};
/* End PBXResourcesBuildPhase section */

/* Begin PBXSourcesBuildPhase section */
		3BFB0C962B77B28200D0289A /* Sources */ = {
			isa = PBXSourcesBuildPhase;
			buildActionMask = 2147483647;
			files = (
				3BD3FE732B828B2E007C7D25 /* NavigationControllerViewController.swift in Sources */,
				3B6AC6EA2B7A682F008B1E01 /* DecodedPost.swift in Sources */,
				3BD3FE762B82A6D5007C7D25 /* PostTableViewCell.swift in Sources */,
				3B6AC6E62B78DCDF008B1E01 /* PostViewController.swift in Sources */,
				3B18C6442B824A65003E1D78 /* PostView.swift in Sources */,
				3BFB0CA22B77B28200D0289A /* ViewController.swift in Sources */,
				3B6AC6E82B79556C008B1E01 /* FetchData.swift in Sources */,
				3BFB0C9E2B77B28200D0289A /* AppDelegate.swift in Sources */,
				3B6AC6EE2B7AA4DF008B1E01 /* FetchDataError.swift in Sources */,
				3B6CB56A2B84E89A00DF7FCF /* PostDetailsViewController.swift in Sources */,
				3BD3FE712B828A9E007C7D25 /* PostListViewController.swift in Sources */,
				3BFB0CA02B77B28200D0289A /* SceneDelegate.swift in Sources */,
			);
			runOnlyForDeploymentPostprocessing = 0;
		};
/* End PBXSourcesBuildPhase section */

/* Begin PBXVariantGroup section */
		3BFB0CA32B77B28200D0289A /* Main.storyboard */ = {
			isa = PBXVariantGroup;
			children = (
				3BFB0CA42B77B28200D0289A /* Base */,
			);
			name = Main.storyboard;
			sourceTree = "<group>";
		};
		3BFB0CA82B77B28300D0289A /* LaunchScreen.storyboard */ = {
			isa = PBXVariantGroup;
			children = (
				3BFB0CA92B77B28300D0289A /* Base */,
			);
			name = LaunchScreen.storyboard;
			sourceTree = "<group>";
		};
/* End PBXVariantGroup section */

/* Begin XCBuildConfiguration section */
		3BFB0CAC2B77B28300D0289A /* Debug */ = {
			isa = XCBuildConfiguration;
			buildSettings = {
				ALWAYS_SEARCH_USER_PATHS = NO;
				ASSETCATALOG_COMPILER_GENERATE_SWIFT_ASSET_SYMBOL_EXTENSIONS = YES;
				CLANG_ANALYZER_NONNULL = YES;
				CLANG_ANALYZER_NUMBER_OBJECT_CONVERSION = YES_AGGRESSIVE;
				CLANG_CXX_LANGUAGE_STANDARD = "gnu++20";
				CLANG_ENABLE_MODULES = YES;
				CLANG_ENABLE_OBJC_ARC = YES;
				CLANG_ENABLE_OBJC_WEAK = YES;
				CLANG_WARN_BLOCK_CAPTURE_AUTORELEASING = YES;
				CLANG_WARN_BOOL_CONVERSION = YES;
				CLANG_WARN_COMMA = YES;
				CLANG_WARN_CONSTANT_CONVERSION = YES;
				CLANG_WARN_DEPRECATED_OBJC_IMPLEMENTATIONS = YES;
				CLANG_WARN_DIRECT_OBJC_ISA_USAGE = YES_ERROR;
				CLANG_WARN_DOCUMENTATION_COMMENTS = YES;
				CLANG_WARN_EMPTY_BODY = YES;
				CLANG_WARN_ENUM_CONVERSION = YES;
				CLANG_WARN_INFINITE_RECURSION = YES;
				CLANG_WARN_INT_CONVERSION = YES;
				CLANG_WARN_NON_LITERAL_NULL_CONVERSION = YES;
				CLANG_WARN_OBJC_IMPLICIT_RETAIN_SELF = YES;
				CLANG_WARN_OBJC_LITERAL_CONVERSION = YES;
				CLANG_WARN_OBJC_ROOT_CLASS = YES_ERROR;
				CLANG_WARN_QUOTED_INCLUDE_IN_FRAMEWORK_HEADER = YES;
				CLANG_WARN_RANGE_LOOP_ANALYSIS = YES;
				CLANG_WARN_STRICT_PROTOTYPES = YES;
				CLANG_WARN_SUSPICIOUS_MOVE = YES;
				CLANG_WARN_UNGUARDED_AVAILABILITY = YES_AGGRESSIVE;
				CLANG_WARN_UNREACHABLE_CODE = YES;
				CLANG_WARN__DUPLICATE_METHOD_MATCH = YES;
				COPY_PHASE_STRIP = NO;
				DEBUG_INFORMATION_FORMAT = dwarf;
				ENABLE_STRICT_OBJC_MSGSEND = YES;
				ENABLE_TESTABILITY = YES;
				ENABLE_USER_SCRIPT_SANDBOXING = YES;
				GCC_C_LANGUAGE_STANDARD = gnu17;
				GCC_DYNAMIC_NO_PIC = NO;
				GCC_NO_COMMON_BLOCKS = YES;
				GCC_OPTIMIZATION_LEVEL = 0;
				GCC_PREPROCESSOR_DEFINITIONS = (
					"DEBUG=1",
					"$(inherited)",
				);
				GCC_WARN_64_TO_32_BIT_CONVERSION = YES;
				GCC_WARN_ABOUT_RETURN_TYPE = YES_ERROR;
				GCC_WARN_UNDECLARED_SELECTOR = YES;
				GCC_WARN_UNINITIALIZED_AUTOS = YES_AGGRESSIVE;
				GCC_WARN_UNUSED_FUNCTION = YES;
				GCC_WARN_UNUSED_VARIABLE = YES;
				IPHONEOS_DEPLOYMENT_TARGET = 17.2;
				LOCALIZATION_PREFERS_STRING_CATALOGS = YES;
				MTL_ENABLE_DEBUG_INFO = INCLUDE_SOURCE;
				MTL_FAST_MATH = YES;
				ONLY_ACTIVE_ARCH = YES;
				SDKROOT = iphoneos;
				SWIFT_ACTIVE_COMPILATION_CONDITIONS = "DEBUG $(inherited)";
				SWIFT_OPTIMIZATION_LEVEL = "-Onone";
			};
			name = Debug;
		};
		3BFB0CAD2B77B28300D0289A /* Release */ = {
			isa = XCBuildConfiguration;
			buildSettings = {
				ALWAYS_SEARCH_USER_PATHS = NO;
				ASSETCATALOG_COMPILER_GENERATE_SWIFT_ASSET_SYMBOL_EXTENSIONS = YES;
				CLANG_ANALYZER_NONNULL = YES;
				CLANG_ANALYZER_NUMBER_OBJECT_CONVERSION = YES_AGGRESSIVE;
				CLANG_CXX_LANGUAGE_STANDARD = "gnu++20";
				CLANG_ENABLE_MODULES = YES;
				CLANG_ENABLE_OBJC_ARC = YES;
				CLANG_ENABLE_OBJC_WEAK = YES;
				CLANG_WARN_BLOCK_CAPTURE_AUTORELEASING = YES;
				CLANG_WARN_BOOL_CONVERSION = YES;
				CLANG_WARN_COMMA = YES;
				CLANG_WARN_CONSTANT_CONVERSION = YES;
				CLANG_WARN_DEPRECATED_OBJC_IMPLEMENTATIONS = YES;
				CLANG_WARN_DIRECT_OBJC_ISA_USAGE = YES_ERROR;
				CLANG_WARN_DOCUMENTATION_COMMENTS = YES;
				CLANG_WARN_EMPTY_BODY = YES;
				CLANG_WARN_ENUM_CONVERSION = YES;
				CLANG_WARN_INFINITE_RECURSION = YES;
				CLANG_WARN_INT_CONVERSION = YES;
				CLANG_WARN_NON_LITERAL_NULL_CONVERSION = YES;
				CLANG_WARN_OBJC_IMPLICIT_RETAIN_SELF = YES;
				CLANG_WARN_OBJC_LITERAL_CONVERSION = YES;
				CLANG_WARN_OBJC_ROOT_CLASS = YES_ERROR;
				CLANG_WARN_QUOTED_INCLUDE_IN_FRAMEWORK_HEADER = YES;
				CLANG_WARN_RANGE_LOOP_ANALYSIS = YES;
				CLANG_WARN_STRICT_PROTOTYPES = YES;
				CLANG_WARN_SUSPICIOUS_MOVE = YES;
				CLANG_WARN_UNGUARDED_AVAILABILITY = YES_AGGRESSIVE;
				CLANG_WARN_UNREACHABLE_CODE = YES;
				CLANG_WARN__DUPLICATE_METHOD_MATCH = YES;
				COPY_PHASE_STRIP = NO;
				DEBUG_INFORMATION_FORMAT = "dwarf-with-dsym";
				ENABLE_NS_ASSERTIONS = NO;
				ENABLE_STRICT_OBJC_MSGSEND = YES;
				ENABLE_USER_SCRIPT_SANDBOXING = YES;
				GCC_C_LANGUAGE_STANDARD = gnu17;
				GCC_NO_COMMON_BLOCKS = YES;
				GCC_WARN_64_TO_32_BIT_CONVERSION = YES;
				GCC_WARN_ABOUT_RETURN_TYPE = YES_ERROR;
				GCC_WARN_UNDECLARED_SELECTOR = YES;
				GCC_WARN_UNINITIALIZED_AUTOS = YES_AGGRESSIVE;
				GCC_WARN_UNUSED_FUNCTION = YES;
				GCC_WARN_UNUSED_VARIABLE = YES;
				IPHONEOS_DEPLOYMENT_TARGET = 17.2;
				LOCALIZATION_PREFERS_STRING_CATALOGS = YES;
				MTL_ENABLE_DEBUG_INFO = NO;
				MTL_FAST_MATH = YES;
				SDKROOT = iphoneos;
				SWIFT_COMPILATION_MODE = wholemodule;
				VALIDATE_PRODUCT = YES;
			};
			name = Release;
		};
		3BFB0CAF2B77B28300D0289A /* Debug */ = {
			isa = XCBuildConfiguration;
			buildSettings = {
				ASSETCATALOG_COMPILER_APPICON_NAME = AppIcon;
				ASSETCATALOG_COMPILER_GLOBAL_ACCENT_COLOR_NAME = AccentColor;
				CODE_SIGN_STYLE = Automatic;
				CURRENT_PROJECT_VERSION = 1;
				DEVELOPMENT_TEAM = VNU8KKW4GG;
				GENERATE_INFOPLIST_FILE = YES;
				INFOPLIST_FILE = RedditClient/Info.plist;
				INFOPLIST_KEY_UIApplicationSupportsIndirectInputEvents = YES;
				INFOPLIST_KEY_UILaunchStoryboardName = LaunchScreen;
				INFOPLIST_KEY_UIMainStoryboardFile = Main;
				INFOPLIST_KEY_UISupportedInterfaceOrientations_iPad = "UIInterfaceOrientationPortrait UIInterfaceOrientationPortraitUpsideDown UIInterfaceOrientationLandscapeLeft UIInterfaceOrientationLandscapeRight";
				INFOPLIST_KEY_UISupportedInterfaceOrientations_iPhone = "UIInterfaceOrientationPortrait UIInterfaceOrientationLandscapeLeft UIInterfaceOrientationLandscapeRight";
				LD_RUNPATH_SEARCH_PATHS = (
					"$(inherited)",
					"@executable_path/Frameworks",
				);
				MARKETING_VERSION = 1.0;
				PRODUCT_BUNDLE_IDENTIFIER = ua.edu.ukma.lysa.RedditClient;
				PRODUCT_NAME = "$(TARGET_NAME)";
				SUPPORTED_PLATFORMS = "iphoneos iphonesimulator";
				SUPPORTS_MACCATALYST = NO;
				SUPPORTS_MAC_DESIGNED_FOR_IPHONE_IPAD = NO;
				SUPPORTS_XR_DESIGNED_FOR_IPHONE_IPAD = NO;
				SWIFT_EMIT_LOC_STRINGS = YES;
				SWIFT_VERSION = 5.0;
				TARGETED_DEVICE_FAMILY = 1;
			};
			name = Debug;
		};
		3BFB0CB02B77B28300D0289A /* Release */ = {
			isa = XCBuildConfiguration;
			buildSettings = {
				ASSETCATALOG_COMPILER_APPICON_NAME = AppIcon;
				ASSETCATALOG_COMPILER_GLOBAL_ACCENT_COLOR_NAME = AccentColor;
				CODE_SIGN_STYLE = Automatic;
				CURRENT_PROJECT_VERSION = 1;
				DEVELOPMENT_TEAM = VNU8KKW4GG;
				GENERATE_INFOPLIST_FILE = YES;
				INFOPLIST_FILE = RedditClient/Info.plist;
				INFOPLIST_KEY_UIApplicationSupportsIndirectInputEvents = YES;
				INFOPLIST_KEY_UILaunchStoryboardName = LaunchScreen;
				INFOPLIST_KEY_UIMainStoryboardFile = Main;
				INFOPLIST_KEY_UISupportedInterfaceOrientations_iPad = "UIInterfaceOrientationPortrait UIInterfaceOrientationPortraitUpsideDown UIInterfaceOrientationLandscapeLeft UIInterfaceOrientationLandscapeRight";
				INFOPLIST_KEY_UISupportedInterfaceOrientations_iPhone = "UIInterfaceOrientationPortrait UIInterfaceOrientationLandscapeLeft UIInterfaceOrientationLandscapeRight";
				LD_RUNPATH_SEARCH_PATHS = (
					"$(inherited)",
					"@executable_path/Frameworks",
				);
				MARKETING_VERSION = 1.0;
				PRODUCT_BUNDLE_IDENTIFIER = ua.edu.ukma.lysa.RedditClient;
				PRODUCT_NAME = "$(TARGET_NAME)";
				SUPPORTED_PLATFORMS = "iphoneos iphonesimulator";
				SUPPORTS_MACCATALYST = NO;
				SUPPORTS_MAC_DESIGNED_FOR_IPHONE_IPAD = NO;
				SUPPORTS_XR_DESIGNED_FOR_IPHONE_IPAD = NO;
				SWIFT_EMIT_LOC_STRINGS = YES;
				SWIFT_VERSION = 5.0;
				TARGETED_DEVICE_FAMILY = 1;
			};
			name = Release;
		};
/* End XCBuildConfiguration section */

/* Begin XCConfigurationList section */
		3BFB0C952B77B28200D0289A /* Build configuration list for PBXProject "RedditClient" */ = {
			isa = XCConfigurationList;
			buildConfigurations = (
				3BFB0CAC2B77B28300D0289A /* Debug */,
				3BFB0CAD2B77B28300D0289A /* Release */,
			);
			defaultConfigurationIsVisible = 0;
			defaultConfigurationName = Release;
		};
		3BFB0CAE2B77B28300D0289A /* Build configuration list for PBXNativeTarget "RedditClient" */ = {
			isa = XCConfigurationList;
			buildConfigurations = (
				3BFB0CAF2B77B28300D0289A /* Debug */,
				3BFB0CB02B77B28300D0289A /* Release */,
			);
			defaultConfigurationIsVisible = 0;
			defaultConfigurationName = Release;
		};
/* End XCConfigurationList section */

/* Begin XCRemoteSwiftPackageReference section */
		3BFB0CB12B77E2FE00D0289A /* XCRemoteSwiftPackageReference "SDWebImage" */ = {
			isa = XCRemoteSwiftPackageReference;
			repositoryURL = "https://github.com/SDWebImage/SDWebImage";
			requirement = {
				kind = upToNextMajorVersion;
				minimumVersion = 5.18.10;
			};
		};
/* End XCRemoteSwiftPackageReference section */

/* Begin XCSwiftPackageProductDependency section */
		3BFB0CB22B77E2FE00D0289A /* SDWebImage */ = {
			isa = XCSwiftPackageProductDependency;
			package = 3BFB0CB12B77E2FE00D0289A /* XCRemoteSwiftPackageReference "SDWebImage" */;
			productName = SDWebImage;
		};
		3BFB0CB42B77E2FE00D0289A /* SDWebImageMapKit */ = {
			isa = XCSwiftPackageProductDependency;
			package = 3BFB0CB12B77E2FE00D0289A /* XCRemoteSwiftPackageReference "SDWebImage" */;
			productName = SDWebImageMapKit;
		};
/* End XCSwiftPackageProductDependency section */
	};
	rootObject = 3BFB0C922B77B28200D0289A /* Project object */;
}
